github.com/z-chenhao/J/J-agent v0.0.0-20260727045356-5813cc6f3af4 h1:lI4yUQ9lWHfc8InZ69m/qh3ghW0BKbRwlTuk9cGj8ac=
github.com/z-chenhao/J/J-agent v0.0.0-20260727045356-5813cc6f3af4/go.mod h1:NwQs8C/lh8GHr3TMoLDFtSZg3LIUdZm2c4L3Hb2AO/g=
gopkg.in/check.v1 v0.0.0-20161208181325-20d25e280405 h1:yhCVgyC4o1eVCa2tZl7eS0r+SDo693bJlVdllGtEeKM=
gopkg.in/check.v1 v0.0.0-20161208181325-20d25e280405/go.mod h1:Co6ibVJAznAaIkqp8huTwlJQCZ016jof/cbN4VW5Yz0=
gopkg.in/yaml.v3 v3.0.1 h1:fxVm/GzAzEWqLHuvctI91KS9hhNmmWOoWu0XTYJS7CA=
gopkg.in/yaml.v3 v3.0.1/go.mod h1:K4uyk7z7BCEPqu6E+C64Yfv1cQ7kz7rIZviUmN+EgEM=
